
Microsoft Visual Studio Solution File, Format Version 12.00
# Visual Studio 15
VisualStudioVersion = 15.0.27130.2026
MinimumVisualStudioVersion = 10.0.40219.1
Project("{9A19103F-16F7-4668-BE54-9A1E7A4F7556}") = "DocBot", "DocBot\DocBot.csproj", "{33C666BD-2D42-402C-8390-4BDAC79C6F1B}"
EndProject
Project("{2150E333-8FDC-42A3-9474-1A3956D46DE8}") = "Solution Items", "Solution Items", "{31D99288-EA0D-4450-89D2-B037FDD21F33}"
	ProjectSection(SolutionItems) = preProject
		readme.md = readme.md
	EndProjectSection
EndProject
Global
	GlobalSection(SolutionConfigurationPlatforms) = preSolution
		Debug|Any CPU = Debug|Any CPU
		Release|Any CPU = Release|Any CPU
	EndGlobalSection
	GlobalSection(ProjectConfigurationPlatforms) = postSolution
		{33C666BD-2D42-402C-8390-4BDAC79C6F1B}.Debug|Any CPU.ActiveCfg = Debug|Any CPU
		{33C666BD-2D42-402C-8390-4BDAC79C6F1B}.Debug|Any CPU.Build.0 = Debug|Any CPU
		{33C666BD-2D42-402C-8390-4BDAC79C6F1B}.Release|Any CPU.ActiveCfg = Release|Any CPU
		{33C666BD-2D42-402C-8390-4BDAC79C6F1B}.Release|Any CPU.Build.0 = Release|Any CPU
	EndGlobalSection
	GlobalSection(SolutionProperties) = preSolution
		HideSolutionNode = FALSE
	EndGlobalSection
	GlobalSection(ExtensibilityGlobals) = postSolution
		SolutionGuid = {1608B050-86F9-414A-96C2-B672C8C577D4}
	EndGlobalSection
EndGlobal
